
Microsoft Visual Studio Solution File, Format Version 12.00
Project("{FAE04EC0-301F-11D3-BF4B-00C04F79EFBC}") = "OpenTSDB-Producer", "OpenTSDB-Producer\OpenTSDB-Producer.csproj", "{57B0BFD0-D69B-4D06-AA38-014130383D85}"
EndProject
Project("{FAE04EC0-301F-11D3-BF4B-00C04F79EFBC}") = "Consumer", "Consumer\Consumer.csproj", "{033F0F81-5055-4458-8AE2-549F0A055181}"
EndProject
Global
	GlobalSection(SolutionConfigurationPlatforms) = preSolution
		Debug|Any CPU = Debug|Any CPU
		Release|Any CPU = Release|Any CPU
	EndGlobalSection
	GlobalSection(ProjectConfigurationPlatforms) = postSolution
		{57B0BFD0-D69B-4D06-AA38-014130383D85}.Debug|Any CPU.ActiveCfg = Debug|Any CPU
		{57B0BFD0-D69B-4D06-AA38-014130383D85}.Debug|Any CPU.Build.0 = Debug|Any CPU
		{57B0BFD0-D69B-4D06-AA38-014130383D85}.Release|Any CPU.ActiveCfg = Release|Any CPU
		{57B0BFD0-D69B-4D06-AA38-014130383D85}.Release|Any CPU.Build.0 = Release|Any CPU
		{033F0F81-5055-4458-8AE2-549F0A055181}.Debug|Any CPU.ActiveCfg = Debug|Any CPU
		{033F0F81-5055-4458-8AE2-549F0A055181}.Debug|Any CPU.Build.0 = Debug|Any CPU
		{033F0F81-5055-4458-8AE2-549F0A055181}.Release|Any CPU.ActiveCfg = Release|Any CPU
		{033F0F81-5055-4458-8AE2-549F0A055181}.Release|Any CPU.Build.0 = Release|Any CPU
	EndGlobalSection
EndGlobal
